{
  "name": "online-grocery-backend",
  "version": "1.0.0",
  "lockfileVersion": 3,
  "requires": true,
  "packages": {
    "": {
      "name": "online-grocery-backend",
      "version": "1.0.0",
      "dependencies": {
        "@supabase/supabase-js": "^2.38.0",
        "cors": "^2.8.5"
      },
      "devDependencies": {
        "jest": "^29.7.0",
        "eslint": "^8.50.0",
        "@babel/preset-env": "^7.22.0",
        "supertest": "^6.3.3"
      },
      "engines": {
        "node": ">=18"
      }
    }
  }
}